// !$*UTF8*$!
{
	archiveVersion = 1;
	classes = {
	};
	objectVersion = 50;
	objects = {

/* Begin PBXBuildFile section */
		91081ADB22FDB3A500998A59 /* main.swift in Sources */ = {isa = PBXBuildFile; fileRef = 91081ADA22FDB3A500998A59 /* main.swift */; };
		91081ADE22FDB3A500998A59 /* Main.storyboard in Resources */ = {isa = PBXBuildFile; fileRef = 91081ADC22FDB3A500998A59 /* Main.storyboard */; };
		91081AE022FDB3A600998A59 /* Assets.xcassets in Resources */ = {isa = PBXBuildFile; fileRef = 91081ADF22FDB3A600998A59 /* Assets.xcassets */; };
		91081AE322FDB3A600998A59 /* LaunchScreen.storyboard in Resources */ = {isa = PBXBuildFile; fileRef = 91081AE122FDB3A600998A59 /* LaunchScreen.storyboard */; };
		91081AED22FDB4D600998A59 /* Classe.swift in Sources */ = {isa = PBXBuildFile; fileRef = 91081AEC22FDB4D600998A59 /* Classe.swift */; };
		91081AEF22FDB50500998A59 /* Personnage.swift in Sources */ = {isa = PBXBuildFile; fileRef = 91081AEE22FDB50500998A59 /* Personnage.swift */; };
		91081AF122FDB52A00998A59 /* Arc.swift in Sources */ = {isa = PBXBuildFile; fileRef = 91081AF022FDB52A00998A59 /* Arc.swift */; };
		91081AF322FDB53E00998A59 /* Epee.swift in Sources */ = {isa = PBXBuildFile; fileRef = 91081AF222FDB53E00998A59 /* Epee.swift */; };
		91081AF522FDB54800998A59 /* Arme.swift in Sources */ = {isa = PBXBuildFile; fileRef = 91081AF422FDB54800998A59 /* Arme.swift */; };
		91081AF722FDB55500998A59 /* Sceptre.swift in Sources */ = {isa = PBXBuildFile; fileRef = 91081AF622FDB55500998A59 /* Sceptre.swift */; };
/* End PBXBuildFile section */

/* Begin PBXFileReference section */
		91081AD522FDB3A500998A59 /* testTuto.app */ = {isa = PBXFileReference; explicitFileType = wrapper.application; includeInIndex = 0; path = testTuto.app; sourceTree = BUILT_PRODUCTS_DIR; };
		91081ADA22FDB3A500998A59 /* main.swift */ = {isa = PBXFileReference; lastKnownFileType = sourcecode.swift; path = main.swift; sourceTree = "<group>"; };
		91081ADD22FDB3A500998A59 /* Base */ = {isa = PBXFileReference; lastKnownFileType = file.storyboard; name = Base; path = Base.lproj/Main.storyboard; sourceTree = "<group>"; };
		91081ADF22FDB3A600998A59 /* Assets.xcassets */ = {isa = PBXFileReference; lastKnownFileType = folder.assetcatalog; path = Assets.xcassets; sourceTree = "<group>"; };
		91081AE222FDB3A600998A59 /* Base */ = {isa = PBXFileReference; lastKnownFileType = file.storyboard; name = Base; path = Base.lproj/LaunchScreen.storyboard; sourceTree = "<group>"; };
		91081AE422FDB3A600998A59 /* Info.plist */ = {isa = PBXFileReference; lastKnownFileType = text.plist.xml; path = Info.plist; sourceTree = "<group>"; };
		91081AEC22FDB4D600998A59 /* Classe.swift */ = {isa = PBXFileReference; lastKnownFileType = sourcecode.swift; path = Classe.swift; sourceTree = "<group>"; };
		91081AEE22FDB50500998A59 /* Personnage.swift */ = {isa = PBXFileReference; lastKnownFileType = sourcecode.swift; path = Personnage.swift; sourceTree = "<group>"; };
		91081AF022FDB52A00998A59 /* Arc.swift */ = {isa = PBXFileReference; lastKnownFileType = sourcecode.swift; path = Arc.swift; sourceTree = "<group>"; };
		91081AF222FDB53E00998A59 /* Epee.swift */ = {isa = PBXFileReference; lastKnownFileType = sourcecode.swift; path = Epee.swift; sourceTree = "<group>"; };
		91081AF422FDB54800998A59 /* Arme.swift */ = {isa = PBXFileReference; lastKnownFileType = sourcecode.swift; path = Arme.swift; sourceTree = "<group>"; };
		91081AF622FDB55500998A59 /* Sceptre.swift */ = {isa = PBXFileReference; lastKnownFileType = sourcecode.swift; path = Sceptre.swift; sourceTree = "<group>"; };
/* End PBXFileReference section */

/* Begin PBXFrameworksBuildPhase section */
		91081AD222FDB3A500998A59 /* Frameworks */ = {
			isa = PBXFrameworksBuildPhase;
			buildActionMask = 2147483647;
			files = (
			);
			runOnlyForDeploymentPostprocessing = 0;
		};
/* End PBXFrameworksBuildPhase section */

/* Begin PBXGroup section */
		91081ACC22FDB3A500998A59 = {
			isa = PBXGroup;
			children = (
				91081AD722FDB3A500998A59 /* testTuto */,
				91081AD622FDB3A500998A59 /* Products */,
			);
			sourceTree = "<group>";
		};
		91081AD622FDB3A500998A59 /* Products */ = {
			isa = PBXGroup;
			children = (
				91081AD522FDB3A500998A59 /* testTuto.app */,
			);
			name = Products;
			sourceTree = "<group>";
		};
		91081AD722FDB3A500998A59 /* testTuto */ = {
			isa = PBXGroup;
			children = (
				91081AEC22FDB4D600998A59 /* Classe.swift */,
				91081ADA22FDB3A500998A59 /* main.swift */,
				91081AEE22FDB50500998A59 /* Personnage.swift */,
				91081AF022FDB52A00998A59 /* Arc.swift */,
				91081AF222FDB53E00998A59 /* Epee.swift */,
				91081AF622FDB55500998A59 /* Sceptre.swift */,
				91081AF422FDB54800998A59 /* Arme.swift */,
				91081ADC22FDB3A500998A59 /* Main.storyboard */,
				91081ADF22FDB3A600998A59 /* Assets.xcassets */,
				91081AE122FDB3A600998A59 /* LaunchScreen.storyboard */,
				91081AE422FDB3A600998A59 /* Info.plist */,
			);
			path = testTuto;
			sourceTree = "<group>";
		};
/* End PBXGroup section */

/* Begin PBXNativeTarget section */
		91081AD422FDB3A500998A59 /* testTuto */ = {
			isa = PBXNativeTarget;
			buildConfigurationList = 91081AE722FDB3A600998A59 /* Build configuration list for PBXNativeTarget "testTuto" */;
			buildPhases = (
				91081AD122FDB3A500998A59 /* Sources */,
				91081AD222FDB3A500998A59 /* Frameworks */,
				91081AD322FDB3A500998A59 /* Resources */,
			);
			buildRules = (
			);
			dependencies = (
			);
			name = testTuto;
			productName = testTuto;
			productReference = 91081AD522FDB3A500998A59 /* testTuto.app */;
			productType = "com.apple.product-type.application";
		};
/* End PBXNativeTarget section */

/* Begin PBXProject section */
		91081ACD22FDB3A500998A59 /* Project object */ = {
			isa = PBXProject;
			attributes = {
				LastSwiftUpdateCheck = 1020;
				LastUpgradeCheck = 1020;
				ORGANIZATIONNAME = Camille;
				TargetAttributes = {
					91081AD422FDB3A500998A59 = {
						CreatedOnToolsVersion = 10.2.1;
					};
				};
			};
			buildConfigurationList = 91081AD022FDB3A500998A59 /* Build configuration list for PBXProject "testTuto" */;
			compatibilityVersion = "Xcode 9.3";
			developmentRegion = en;
			hasScannedForEncodings = 0;
			knownRegions = (
				en,
				Base,
			);
			mainGroup = 91081ACC22FDB3A500998A59;
			productRefGroup = 91081AD622FDB3A500998A59 /* Products */;
			projectDirPath = "";
			projectRoot = "";
			targets = (
				91081AD422FDB3A500998A59 /* testTuto */,
			);
		};
/* End PBXProject section */

/* Begin PBXResourcesBuildPhase section */
		91081AD322FDB3A500998A59 /* Resources */ = {
			isa = PBXResourcesBuildPhase;
			buildActionMask = 2147483647;
			files = (
				91081AE322FDB3A600998A59 /* LaunchScreen.storyboard in Resources */,
				91081AE022FDB3A600998A59 /* Assets.xcassets in Resources */,
				91081ADE22FDB3A500998A59 /* Main.storyboard in Resources */,
			);
			runOnlyForDeploymentPostprocessing = 0;
		};
/* End PBXResourcesBuildPhase section */

/* Begin PBXSourcesBuildPhase section */
		91081AD122FDB3A500998A59 /* Sources */ = {
			isa = PBXSourcesBuildPhase;
			buildActionMask = 2147483647;
			files = (
				91081AF522FDB54800998A59 /* Arme.swift in Sources */,
				91081AED22FDB4D600998A59 /* Classe.swift in Sources */,
				91081AEF22FDB50500998A59 /* Personnage.swift in Sources */,
				91081AF122FDB52A00998A59 /* Arc.swift in Sources */,
				91081ADB22FDB3A500998A59 /* main.swift in Sources */,
				91081AF322FDB53E00998A59 /* Epee.swift in Sources */,
				91081AF722FDB55500998A59 /* Sceptre.swift in Sources */,
			);
			runOnlyForDeploymentPostprocessing = 0;
		};
/* End PBXSourcesBuildPhase section */

/* Begin PBXVariantGroup section */
		91081ADC22FDB3A500998A59 /* Main.storyboard */ = {
			isa = PBXVariantGroup;
			children = (
				91081ADD22FDB3A500998A59 /* Base */,
			);
			name = Main.storyboard;
			sourceTree = "<group>";
		};
		91081AE122FDB3A600998A59 /* LaunchScreen.storyboard */ = {
			isa = PBXVariantGroup;
			children = (
				91081AE222FDB3A600998A59 /* Base */,
			);
			name = LaunchScreen.storyboard;
			sourceTree = "<group>";
		};
/* End PBXVariantGroup section */

/* Begin XCBuildConfiguration section */
		91081AE522FDB3A600998A59 /* Debug */ = {
			isa = XCBuildConfiguration;
			buildSettings = {
				ALWAYS_SEARCH_USER_PATHS = NO;
				CLANG_ANALYZER_NONNULL = YES;
				CLANG_ANALYZER_NUMBER_OBJECT_CONVERSION = YES_AGGRESSIVE;
				CLANG_CXX_LANGUAGE_STANDARD = "gnu++14";
				CLANG_CXX_LIBRARY = "libc++";
				CLANG_ENABLE_MODULES = YES;
				CLANG_ENABLE_OBJC_ARC = YES;
				CLANG_ENABLE_OBJC_WEAK = YES;
				CLANG_WARN_BLOCK_CAPTURE_AUTORELEASING = YES;
				CLANG_WARN_BOOL_CONVERSION = YES;
				CLANG_WARN_COMMA = YES;
				CLANG_WARN_CONSTANT_CONVERSION = YES;
				CLANG_WARN_DEPRECATED_OBJC_IMPLEMENTATIONS = YES;
				CLANG_WARN_DIRECT_OBJC_ISA_USAGE = YES_ERROR;
				CLANG_WARN_DOCUMENTATION_COMMENTS = YES;
				CLANG_WARN_EMPTY_BODY = YES;
				CLANG_WARN_ENUM_CONVERSION = YES;
				CLANG_WARN_INFINITE_RECURSION = YES;
				CLANG_WARN_INT_CONVERSION = YES;
				CLANG_WARN_NON_LITERAL_NULL_CONVERSION = YES;
				CLANG_WARN_OBJC_IMPLICIT_RETAIN_SELF = YES;
				CLANG_WARN_OBJC_LITERAL_CONVERSION = YES;
				CLANG_WARN_OBJC_ROOT_CLASS = YES_ERROR;
				CLANG_WARN_RANGE_LOOP_ANALYSIS = YES;
				CLANG_WARN_STRICT_PROTOTYPES = YES;
				CLANG_WARN_SUSPICIOUS_MOVE = YES;
				CLANG_WARN_UNGUARDED_AVAILABILITY = YES_AGGRESSIVE;
				CLANG_WARN_UNREACHABLE_CODE = YES;
				CLANG_WARN__DUPLICATE_METHOD_MATCH = YES;
				CODE_SIGN_IDENTITY = "iPhone Developer";
				COPY_PHASE_STRIP = NO;
				DEBUG_INFORMATION_FORMAT = dwarf;
				ENABLE_STRICT_OBJC_MSGSEND = YES;
				ENABLE_TESTABILITY = YES;
				GCC_C_LANGUAGE_STANDARD = gnu11;
				GCC_DYNAMIC_NO_PIC = NO;
				GCC_NO_COMMON_BLOCKS = YES;
				GCC_OPTIMIZATION_LEVEL = 0;
				GCC_PREPROCESSOR_DEFINITIONS = (
					"DEBUG=1",
					"$(inherited)",
				);
				GCC_WARN_64_TO_32_BIT_CONVERSION = YES;
				GCC_WARN_ABOUT_RETURN_TYPE = YES_ERROR;
				GCC_WARN_UNDECLARED_SELECTOR = YES;
				GCC_WARN_UNINITIALIZED_AUTOS = YES_AGGRESSIVE;
				GCC_WARN_UNUSED_FUNCTION = YES;
				GCC_WARN_UNUSED_VARIABLE = YES;
				IPHONEOS_DEPLOYMENT_TARGET = 12.2;
				MTL_ENABLE_DEBUG_INFO = INCLUDE_SOURCE;
				MTL_FAST_MATH = YES;
				ONLY_ACTIVE_ARCH = YES;
				SDKROOT = iphoneos;
				SWIFT_ACTIVE_COMPILATION_CONDITIONS = DEBUG;
				SWIFT_OPTIMIZATION_LEVEL = "-Onone";
			};
			name = Debug;
		};
		91081AE622FDB3A600998A59 /* Release */ = {
			isa = XCBuildConfiguration;
			buildSettings = {
				ALWAYS_SEARCH_USER_PATHS = NO;
				CLANG_ANALYZER_NONNULL = YES;
				CLANG_ANALYZER_NUMBER_OBJECT_CONVERSION = YES_AGGRESSIVE;
				CLANG_CXX_LANGUAGE_STANDARD = "gnu++14";
				CLANG_CXX_LIBRARY = "libc++";
				CLANG_ENABLE_MODULES = YES;
				CLANG_ENABLE_OBJC_ARC = YES;
				CLANG_ENABLE_OBJC_WEAK = YES;
				CLANG_WARN_BLOCK_CAPTURE_AUTORELEASING = YES;
				CLANG_WARN_BOOL_CONVERSION = YES;
				CLANG_WARN_COMMA = YES;
				CLANG_WARN_CONSTANT_CONVERSION = YES;
				CLANG_WARN_DEPRECATED_OBJC_IMPLEMENTATIONS = YES;
				CLANG_WARN_DIRECT_OBJC_ISA_USAGE = YES_ERROR;
				CLANG_WARN_DOCUMENTATION_COMMENTS = YES;
				CLANG_WARN_EMPTY_BODY = YES;
				CLANG_WARN_ENUM_CONVERSION = YES;
				CLANG_WARN_INFINITE_RECURSION = YES;
				CLANG_WARN_INT_CONVERSION = YES;
				CLANG_WARN_NON_LITERAL_NULL_CONVERSION = YES;
				CLANG_WARN_OBJC_IMPLICIT_RETAIN_SELF = YES;
				CLANG_WARN_OBJC_LITERAL_CONVERSION = YES;
				CLANG_WARN_OBJC_ROOT_CLASS = YES_ERROR;
				CLANG_WARN_RANGE_LOOP_ANALYSIS = YES;
				CLANG_WARN_STRICT_PROTOTYPES = YES;
				CLANG_WARN_SUSPICIOUS_MOVE = YES;
				CLANG_WARN_UNGUARDED_AVAILABILITY = YES_AGGRESSIVE;
				CLANG_WARN_UNREACHABLE_CODE = YES;
				CLANG_WARN__DUPLICATE_METHOD_MATCH = YES;
				CODE_SIGN_IDENTITY = "iPhone Developer";
				COPY_PHASE_STRIP = NO;
				DEBUG_INFORMATION_FORMAT = "dwarf-with-dsym";
				ENABLE_NS_ASSERTIONS = NO;
				ENABLE_STRICT_OBJC_MSGSEND = YES;
				GCC_C_LANGUAGE_STANDARD = gnu11;
				GCC_NO_COMMON_BLOCKS = YES;
				GCC_WARN_64_TO_32_BIT_CONVERSION = YES;
				GCC_WARN_ABOUT_RETURN_TYPE = YES_ERROR;
				GCC_WARN_UNDECLARED_SELECTOR = YES;
				GCC_WARN_UNINITIALIZED_AUTOS = YES_AGGRESSIVE;
				GCC_WARN_UNUSED_FUNCTION = YES;
				GCC_WARN_UNUSED_VARIABLE = YES;
				IPHONEOS_DEPLOYMENT_TARGET = 12.2;
				MTL_ENABLE_DEBUG_INFO = NO;
				MTL_FAST_MATH = YES;
				SDKROOT = iphoneos;
				SWIFT_COMPILATION_MODE = wholemodule;
				SWIFT_OPTIMIZATION_LEVEL = "-O";
				VALIDATE_PRODUCT = YES;
			};
			name = Release;
		};
		91081AE822FDB3A600998A59 /* Debug */ = {
			isa = XCBuildConfiguration;
			buildSettings = {
				ASSETCATALOG_COMPILER_APPICON_NAME = AppIcon;
				CODE_SIGN_STYLE = Automatic;
				DEVELOPMENT_TEAM = SKMZFTQ8PS;
				INFOPLIST_FILE = testTuto/Info.plist;
				IPHONEOS_DEPLOYMENT_TARGET = 9.0;
				LD_RUNPATH_SEARCH_PATHS = (
					"$(inherited)",
					"@executable_path/Frameworks",
				);
				PRODUCT_BUNDLE_IDENTIFIER = Framework.testTuto;
				PRODUCT_NAME = "$(TARGET_NAME)";
				SWIFT_VERSION = 5.0;
				TARGETED_DEVICE_FAMILY = "1,2";
			};
			name = Debug;
		};
		91081AE922FDB3A600998A59 /* Release */ = {
			isa = XCBuildConfiguration;
			buildSettings = {
				ASSETCATALOG_COMPILER_APPICON_NAME = AppIcon;
				CODE_SIGN_STYLE = Automatic;
				DEVELOPMENT_TEAM = SKMZFTQ8PS;
				INFOPLIST_FILE = testTuto/Info.plist;
				IPHONEOS_DEPLOYMENT_TARGET = 9.0;
				LD_RUNPATH_SEARCH_PATHS = (
					"$(inherited)",
					"@executable_path/Frameworks",
				);
				PRODUCT_BUNDLE_IDENTIFIER = Framework.testTuto;
				PRODUCT_NAME = "$(TARGET_NAME)";
				SWIFT_VERSION = 5.0;
				TARGETED_DEVICE_FAMILY = "1,2";
			};
			name = Release;
		};
/* End XCBuildConfiguration section */

/* Begin XCConfigurationList section */
		91081AD022FDB3A500998A59 /* Build configuration list for PBXProject "testTuto" */ = {
			isa = XCConfigurationList;
			buildConfigurations = (
				91081AE522FDB3A600998A59 /* Debug */,
				91081AE622FDB3A600998A59 /* Release */,
			);
			defaultConfigurationIsVisible = 0;
			defaultConfigurationName = Release;
		};
		91081AE722FDB3A600998A59 /* Build configuration list for PBXNativeTarget "testTuto" */ = {
			isa = XCConfigurationList;
			buildConfigurations = (
				91081AE822FDB3A600998A59 /* Debug */,
				91081AE922FDB3A600998A59 /* Release */,
			);
			defaultConfigurationIsVisible = 0;
			defaultConfigurationName = Release;
		};
/* End XCConfigurationList section */
	};
	rootObject = 91081ACD22FDB3A500998A59 /* Project object */;
}
